
Microsoft Visual Studio Solution File, Format Version 12.00
# Visual Studio 15
VisualStudioVersion = 15.0.27004.2010
MinimumVisualStudioVersion = 10.0.40219.1
Project("{FAE04EC0-301F-11D3-BF4B-00C04F79EFBC}") = "FitnessTracker.DataAccess", "FitnessTracker.DataAccess\FitnessTracker.DataAccess.csproj", "{B0323C1C-7523-45DC-8A35-129C9D151757}"
EndProject
Project("{FAE04EC0-301F-11D3-BF4B-00C04F79EFBC}") = "FitnessTracker.DataModel", "FitnessTracker.DataModel\FitnessTracker.DataModel.csproj", "{629976DF-0B93-4624-B6E3-2C5D253F11F6}"
EndProject
Project("{FAE04EC0-301F-11D3-BF4B-00C04F79EFBC}") = "FitnessTracker.Operations", "FitnessTracker.Operations\FitnessTracker.Operations.csproj", "{8DB25A5A-9B40-4819-ABF0-802FD968AE39}"
EndProject
Project("{FAE04EC0-301F-11D3-BF4B-00C04F79EFBC}") = "FitnessTracker.SecurityContext", "FitnessTracker.SecurityContext\FitnessTracker.SecurityContext.csproj", "{8E23A65E-1912-46B3-9093-DED3059E6084}"
EndProject
Project("{FAE04EC0-301F-11D3-BF4B-00C04F79EFBC}") = "FitnessTracker.WebApi", "FitnessTracker.WebApi\FitnessTracker.WebApi.csproj", "{46D54B3D-9E3E-4BCD-948D-9D69AFF951A2}"
EndProject
Project("{FAE04EC0-301F-11D3-BF4B-00C04F79EFBC}") = "FitnessTracker.CompositionRoot", "FitnessTracker.CompositionRoot\FitnessTracker.CompositionRoot.csproj", "{9280A24F-DB22-46DA-B224-61B9F336E5F1}"
EndProject
Project("{FAE04EC0-301F-11D3-BF4B-00C04F79EFBC}") = "FitnessTracker.UnitTests", "FitnessTracker.UnitTests\FitnessTracker.UnitTests.csproj", "{2A105061-EE37-4D3A-A0A9-850C1252B264}"
EndProject
Global
	GlobalSection(SolutionConfigurationPlatforms) = preSolution
		Debug|Any CPU = Debug|Any CPU
		Release|Any CPU = Release|Any CPU
	EndGlobalSection
	GlobalSection(ProjectConfigurationPlatforms) = postSolution
		{B0323C1C-7523-45DC-8A35-129C9D151757}.Debug|Any CPU.ActiveCfg = Debug|Any CPU
		{B0323C1C-7523-45DC-8A35-129C9D151757}.Debug|Any CPU.Build.0 = Debug|Any CPU
		{B0323C1C-7523-45DC-8A35-129C9D151757}.Release|Any CPU.ActiveCfg = Release|Any CPU
		{B0323C1C-7523-45DC-8A35-129C9D151757}.Release|Any CPU.Build.0 = Release|Any CPU
		{629976DF-0B93-4624-B6E3-2C5D253F11F6}.Debug|Any CPU.ActiveCfg = Debug|Any CPU
		{629976DF-0B93-4624-B6E3-2C5D253F11F6}.Debug|Any CPU.Build.0 = Debug|Any CPU
		{629976DF-0B93-4624-B6E3-2C5D253F11F6}.Release|Any CPU.ActiveCfg = Release|Any CPU
		{629976DF-0B93-4624-B6E3-2C5D253F11F6}.Release|Any CPU.Build.0 = Release|Any CPU
		{8DB25A5A-9B40-4819-ABF0-802FD968AE39}.Debug|Any CPU.ActiveCfg = Debug|Any CPU
		{8DB25A5A-9B40-4819-ABF0-802FD968AE39}.Debug|Any CPU.Build.0 = Debug|Any CPU
		{8DB25A5A-9B40-4819-ABF0-802FD968AE39}.Release|Any CPU.ActiveCfg = Release|Any CPU
		{8DB25A5A-9B40-4819-ABF0-802FD968AE39}.Release|Any CPU.Build.0 = Release|Any CPU
		{8E23A65E-1912-46B3-9093-DED3059E6084}.Debug|Any CPU.ActiveCfg = Debug|Any CPU
		{8E23A65E-1912-46B3-9093-DED3059E6084}.Debug|Any CPU.Build.0 = Debug|Any CPU
		{8E23A65E-1912-46B3-9093-DED3059E6084}.Release|Any CPU.ActiveCfg = Release|Any CPU
		{8E23A65E-1912-46B3-9093-DED3059E6084}.Release|Any CPU.Build.0 = Release|Any CPU
		{46D54B3D-9E3E-4BCD-948D-9D69AFF951A2}.Debug|Any CPU.ActiveCfg = Debug|Any CPU
		{46D54B3D-9E3E-4BCD-948D-9D69AFF951A2}.Debug|Any CPU.Build.0 = Debug|Any CPU
		{46D54B3D-9E3E-4BCD-948D-9D69AFF951A2}.Release|Any CPU.ActiveCfg = Release|Any CPU
		{46D54B3D-9E3E-4BCD-948D-9D69AFF951A2}.Release|Any CPU.Build.0 = Release|Any CPU
		{9280A24F-DB22-46DA-B224-61B9F336E5F1}.Debug|Any CPU.ActiveCfg = Debug|Any CPU
		{9280A24F-DB22-46DA-B224-61B9F336E5F1}.Debug|Any CPU.Build.0 = Debug|Any CPU
		{9280A24F-DB22-46DA-B224-61B9F336E5F1}.Release|Any CPU.ActiveCfg = Release|Any CPU
		{9280A24F-DB22-46DA-B224-61B9F336E5F1}.Release|Any CPU.Build.0 = Release|Any CPU
		{2A105061-EE37-4D3A-A0A9-850C1252B264}.Debug|Any CPU.ActiveCfg = Debug|Any CPU
		{2A105061-EE37-4D3A-A0A9-850C1252B264}.Debug|Any CPU.Build.0 = Debug|Any CPU
		{2A105061-EE37-4D3A-A0A9-850C1252B264}.Release|Any CPU.ActiveCfg = Release|Any CPU
		{2A105061-EE37-4D3A-A0A9-850C1252B264}.Release|Any CPU.Build.0 = Release|Any CPU
	EndGlobalSection
	GlobalSection(SolutionProperties) = preSolution
		HideSolutionNode = FALSE
	EndGlobalSection
	GlobalSection(ExtensibilityGlobals) = postSolution
		SolutionGuid = {BB5E14B3-D1B6-4E45-93B9-82656342FB59}
	EndGlobalSection
EndGlobal
